
Microsoft Visual Studio Solution File, Format Version 12.00
# Visual Studio Version 16
VisualStudioVersion = 16.0.31220.234
MinimumVisualStudioVersion = 10.0.40219.1
Project("{FAE04EC0-301F-11D3-BF4B-00C04F79EFBC}") = "Core", "Core\Core.csproj", "{ECA37CD9-33B1-42D0-A48F-CD128EEB25C5}"
EndProject
Global
	GlobalSection(SolutionConfigurationPlatforms) = preSolution
		Debug|Any CPU = Debug|Any CPU
		Release|Any CPU = Release|Any CPU
	EndGlobalSection
	GlobalSection(ProjectConfigurationPlatforms) = postSolution
		{ECA37CD9-33B1-42D0-A48F-CD128EEB25C5}.Debug|Any CPU.ActiveCfg = Debug|Any CPU
		{ECA37CD9-33B1-42D0-A48F-CD128EEB25C5}.Debug|Any CPU.Build.0 = Debug|Any CPU
		{ECA37CD9-33B1-42D0-A48F-CD128EEB25C5}.Release|Any CPU.ActiveCfg = Release|Any CPU
		{ECA37CD9-33B1-42D0-A48F-CD128EEB25C5}.Release|Any CPU.Build.0 = Release|Any CPU
	EndGlobalSection
	GlobalSection(SolutionProperties) = preSolution
		HideSolutionNode = FALSE
	EndGlobalSection
	GlobalSection(ExtensibilityGlobals) = postSolution
		SolutionGuid = {F7CA768B-6B81-4E43-8E82-39BE0CBF892E}
	EndGlobalSection
EndGlobal
